{
  "version": 4,
  "terraform_version": "0.12.24",
  "serial": 14,
  "lineage": "7218d50d-cf46-5b07-11d0-f3b7194915e7",
  "outputs": {},
  "resources": [
    {
      "module": "module.public_zone",
      "mode": "data",
      "type": "aws_acm_certificate",
      "name": "sslcert",
      "provider": "module.public_zone.provider.aws",
      "instances": [
        {
          "schema_version": 0,
          "attributes": {
            "arn": "arn:aws:acm:eu-west-1:288053372299:certificate/fd3eae8d-2205-4668-906c-7c2a78e1deca",
            "domain": "servermyip.com",
            "id": "2020-04-27 05:22:09.992417 +0000 UTC",
            "key_types": null,
            "most_recent": true,
            "statuses": null,
            "types": [
              "AMAZON_ISSUED"
            ]
          }
        }
      ]
    },
    {
      "module": "module.public_zone",
      "mode": "data",
      "type": "aws_lb",
      "name": "alb",
      "provider": "module.public_zone.provider.aws",
      "instances": [
        {
          "schema_version": 0,
          "attributes": {
            "access_logs": [
              {
                "bucket": "",
                "enabled": false,
                "prefix": ""
              }
            ],
            "arn": "arn:aws:elasticloadbalancing:eu-west-1:288053372299:loadbalancer/app/my-alb/d533f167fc6d127a",
            "arn_suffix": "app/my-alb/d533f167fc6d127a",
            "dns_name": "my-alb-1338091026.eu-west-1.elb.amazonaws.com",
            "drop_invalid_header_fields": false,
            "enable_deletion_protection": false,
            "id": "arn:aws:elasticloadbalancing:eu-west-1:288053372299:loadbalancer/app/my-alb/d533f167fc6d127a",
            "idle_timeout": 60,
            "internal": false,
            "load_balancer_type": "application",
            "name": "my-alb",
            "security_groups": [
              "sg-0faf6d3e72365228b"
            ],
            "subnet_mapping": [
              {
                "allocation_id": "",
                "subnet_id": "subnet-0aa75d198039c6073"
              },
              {
                "allocation_id": "",
                "subnet_id": "subnet-0e04dea0745344af8"
              }
            ],
            "subnets": [
              "subnet-0aa75d198039c6073",
              "subnet-0e04dea0745344af8"
            ],
            "tags": {},
            "vpc_id": "vpc-04fd99c5d9165ffa4",
            "zone_id": "Z32O12XQLNTSW2"
          }
        }
      ]
    },
    {
      "module": "module.public_zone",
      "mode": "data",
      "type": "aws_lb_target_group",
      "name": "target",
      "provider": "module.public_zone.provider.aws",
      "instances": [
        {
          "schema_version": 0,
          "attributes": {
            "arn": "arn:aws:elasticloadbalancing:eu-west-1:288053372299:targetgroup/alb-target-group2/d7e3f60273b1bc03",
            "arn_suffix": "targetgroup/alb-target-group2/d7e3f60273b1bc03",
            "deregistration_delay": 300,
            "health_check": [
              {
                "enabled": true,
                "healthy_threshold": 5,
                "interval": 30,
                "matcher": "200",
                "path": "/",
                "port": "traffic-port",
                "protocol": "HTTP",
                "timeout": 5,
                "unhealthy_threshold": 2
              }
            ],
            "id": "arn:aws:elasticloadbalancing:eu-west-1:288053372299:targetgroup/alb-target-group2/d7e3f60273b1bc03",
            "lambda_multi_value_headers_enabled": null,
            "name": "alb-target-group2",
            "port": 80,
            "protocol": "HTTP",
            "proxy_protocol_v2": null,
            "slow_start": 0,
            "stickiness": [
              {
                "cookie_duration": 86400,
                "enabled": false,
                "type": "lb_cookie"
              }
            ],
            "tags": {},
            "target_type": "instance",
            "vpc_id": "vpc-04fd99c5d9165ffa4"
          }
        }
      ]
    },
    {
      "module": "module.public_zone",
      "mode": "data",
      "type": "aws_route53_zone",
      "name": "hostedzone",
      "provider": "module.public_zone.provider.aws",
      "instances": [
        {
          "schema_version": 0,
          "attributes": {
            "caller_reference": "RISWorkflow-RD:3e3fef4a-5d74-4361-a17b-f118b08ddebb",
            "comment": "HostedZone created by Route53 Registrar",
            "id": "Z0651674180BYUZA1OIPL",
            "linked_service_description": null,
            "linked_service_principal": null,
            "name": "servermyip.com.",
            "name_servers": [
              "ns-596.awsdns-10.net",
              "ns-178.awsdns-22.com",
              "ns-1858.awsdns-40.co.uk",
              "ns-1129.awsdns-13.org"
            ],
            "private_zone": false,
            "resource_record_set_count": 2,
            "tags": {},
            "vpc_id": null,
            "zone_id": "Z0651674180BYUZA1OIPL"
          }
        }
      ]
    },
    {
      "module": "module.public_zone",
      "mode": "managed",
      "type": "aws_alb_listener",
      "name": "listener",
      "provider": "module.public_zone.provider.aws",
      "instances": [
        {
          "schema_version": 0,
          "attributes": {
            "arn": "arn:aws:elasticloadbalancing:eu-west-1:288053372299:listener/app/my-alb/d533f167fc6d127a/4b2a4c58b7860064",
            "certificate_arn": "arn:aws:acm:eu-west-1:288053372299:certificate/fd3eae8d-2205-4668-906c-7c2a78e1deca",
            "default_action": [
              {
                "authenticate_cognito": [],
                "authenticate_oidc": [],
                "fixed_response": [],
                "order": 1,
                "redirect": [],
                "target_group_arn": "arn:aws:elasticloadbalancing:eu-west-1:288053372299:targetgroup/alb-target-group2/d7e3f60273b1bc03",
                "type": "forward"
              }
            ],
            "id": "arn:aws:elasticloadbalancing:eu-west-1:288053372299:listener/app/my-alb/d533f167fc6d127a/4b2a4c58b7860064",
            "load_balancer_arn": "arn:aws:elasticloadbalancing:eu-west-1:288053372299:loadbalancer/app/my-alb/d533f167fc6d127a",
            "port": 443,
            "protocol": "HTTPS",
            "ssl_policy": "ELBSecurityPolicy-2016-08",
            "timeouts": null
          },
          "private": "eyJlMmJmYjczMC1lY2FhLTExZTYtOGY4OC0zNDM2M2JjN2M0YzAiOnsicmVhZCI6NjAwMDAwMDAwMDAwfX0="
        }
      ]
    },
    {
      "module": "module.public_zone",
      "mode": "managed",
      "type": "aws_alb_listener_rule",
      "name": "listener_rule",
      "provider": "module.public_zone.provider.aws",
      "instances": [
        {
          "schema_version": 0,
          "attributes": {
            "action": [
              {
                "authenticate_cognito": [],
                "authenticate_oidc": [],
                "fixed_response": [],
                "order": 1,
                "redirect": [],
                "target_group_arn": "arn:aws:elasticloadbalancing:eu-west-1:288053372299:targetgroup/alb-target-group2/d7e3f60273b1bc03",
                "type": "forward"
              }
            ],
            "arn": "arn:aws:elasticloadbalancing:eu-west-1:288053372299:listener-rule/app/my-alb/d533f167fc6d127a/4b2a4c58b7860064/d43d369778fc11a6",
            "condition": [
              {
                "field": "host-header",
                "host_header": [
                  {
                    "values": [
                      "admin.servermyip.com"
                    ]
                  }
                ],
                "http_header": [],
                "http_request_method": [],
                "path_pattern": [],
                "query_string": [],
                "source_ip": [],
                "values": [
                  "admin.servermyip.com"
                ]
              },
              {
                "field": "path-pattern",
                "host_header": [],
                "http_header": [],
                "http_request_method": [],
                "path_pattern": [
                  {
                    "values": [
                      "/index.html/*"
                    ]
                  }
                ],
                "query_string": [],
                "source_ip": [],
                "values": [
                  "/index.html/*"
                ]
              }
            ],
            "id": "arn:aws:elasticloadbalancing:eu-west-1:288053372299:listener-rule/app/my-alb/d533f167fc6d127a/4b2a4c58b7860064/d43d369778fc11a6",
            "listener_arn": "arn:aws:elasticloadbalancing:eu-west-1:288053372299:listener/app/my-alb/d533f167fc6d127a/4b2a4c58b7860064",
            "priority": 1
          },
          "private": "bnVsbA==",
          "dependencies": [
            "module.public_zone.aws_alb_listener.listener"
          ]
        }
      ]
    }
  ]
}
